// !$*UTF8*$!
{
	archiveVersion = 1;
	classes = {
	};
	objectVersion = 50;
	objects = {

/* Begin PBXBuildFile section */
		664395A621B9CF50004F8A62 /* AppDelegate.swift in Sources */ = {isa = PBXBuildFile; fileRef = 664395A521B9CF50004F8A62 /* AppDelegate.swift */; };
		664395A821B9CF50004F8A62 /* ViewController.swift in Sources */ = {isa = PBXBuildFile; fileRef = 664395A721B9CF50004F8A62 /* ViewController.swift */; };
		664395AB21B9CF50004F8A62 /* Main.storyboard in Resources */ = {isa = PBXBuildFile; fileRef = 664395A921B9CF50004F8A62 /* Main.storyboard */; };
		664395AD21B9CF51004F8A62 /* Assets.xcassets in Resources */ = {isa = PBXBuildFile; fileRef = 664395AC21B9CF51004F8A62 /* Assets.xcassets */; };
		664395B021B9CF51004F8A62 /* LaunchScreen.storyboard in Resources */ = {isa = PBXBuildFile; fileRef = 664395AE21B9CF51004F8A62 /* LaunchScreen.storyboard */; };
		664395BB21B9CF51004F8A62 /* PlayingCardTests.swift in Sources */ = {isa = PBXBuildFile; fileRef = 664395BA21B9CF51004F8A62 /* PlayingCardTests.swift */; };
		664395C621B9CF51004F8A62 /* PlayingCardUITests.swift in Sources */ = {isa = PBXBuildFile; fileRef = 664395C521B9CF51004F8A62 /* PlayingCardUITests.swift */; };
		664395D421B9E3CE004F8A62 /* Playing Card.swift in Sources */ = {isa = PBXBuildFile; fileRef = 664395D321B9E3CE004F8A62 /* Playing Card.swift */; };
		664395D621B9E94B004F8A62 /* PlayingCardDeck.swift in Sources */ = {isa = PBXBuildFile; fileRef = 664395D521B9E94B004F8A62 /* PlayingCardDeck.swift */; };
		664395D821CAB58E004F8A62 /* PlayingCardView.swift in Sources */ = {isa = PBXBuildFile; fileRef = 664395D721CAB58E004F8A62 /* PlayingCardView.swift */; };
/* End PBXBuildFile section */

/* Begin PBXContainerItemProxy section */
		664395B721B9CF51004F8A62 /* PBXContainerItemProxy */ = {
			isa = PBXContainerItemProxy;
			containerPortal = 6643959A21B9CF50004F8A62 /* Project object */;
			proxyType = 1;
			remoteGlobalIDString = 664395A121B9CF50004F8A62;
			remoteInfo = PlayingCard;
		};
		664395C221B9CF51004F8A62 /* PBXContainerItemProxy */ = {
			isa = PBXContainerItemProxy;
			containerPortal = 6643959A21B9CF50004F8A62 /* Project object */;
			proxyType = 1;
			remoteGlobalIDString = 664395A121B9CF50004F8A62;
			remoteInfo = PlayingCard;
		};
/* End PBXContainerItemProxy section */

/* Begin PBXFileReference section */
		664395A221B9CF50004F8A62 /* PlayingCard.app */ = {isa = PBXFileReference; explicitFileType = wrapper.application; includeInIndex = 0; path = PlayingCard.app; sourceTree = BUILT_PRODUCTS_DIR; };
		664395A521B9CF50004F8A62 /* AppDelegate.swift */ = {isa = PBXFileReference; lastKnownFileType = sourcecode.swift; path = AppDelegate.swift; sourceTree = "<group>"; };
		664395A721B9CF50004F8A62 /* ViewController.swift */ = {isa = PBXFileReference; lastKnownFileType = sourcecode.swift; path = ViewController.swift; sourceTree = "<group>"; };
		664395AA21B9CF50004F8A62 /* Base */ = {isa = PBXFileReference; lastKnownFileType = file.storyboard; name = Base; path = Base.lproj/Main.storyboard; sourceTree = "<group>"; };
		664395AC21B9CF51004F8A62 /* Assets.xcassets */ = {isa = PBXFileReference; lastKnownFileType = folder.assetcatalog; path = Assets.xcassets; sourceTree = "<group>"; };
		664395AF21B9CF51004F8A62 /* Base */ = {isa = PBXFileReference; lastKnownFileType = file.storyboard; name = Base; path = Base.lproj/LaunchScreen.storyboard; sourceTree = "<group>"; };
		664395B121B9CF51004F8A62 /* Info.plist */ = {isa = PBXFileReference; lastKnownFileType = text.plist.xml; path = Info.plist; sourceTree = "<group>"; };
		664395B621B9CF51004F8A62 /* PlayingCardTests.xctest */ = {isa = PBXFileReference; explicitFileType = wrapper.cfbundle; includeInIndex = 0; path = PlayingCardTests.xctest; sourceTree = BUILT_PRODUCTS_DIR; };
		664395BA21B9CF51004F8A62 /* PlayingCardTests.swift */ = {isa = PBXFileReference; lastKnownFileType = sourcecode.swift; path = PlayingCardTests.swift; sourceTree = "<group>"; };
		664395BC21B9CF51004F8A62 /* Info.plist */ = {isa = PBXFileReference; lastKnownFileType = text.plist.xml; path = Info.plist; sourceTree = "<group>"; };
		664395C121B9CF51004F8A62 /* PlayingCardUITests.xctest */ = {isa = PBXFileReference; explicitFileType = wrapper.cfbundle; includeInIndex = 0; path = PlayingCardUITests.xctest; sourceTree = BUILT_PRODUCTS_DIR; };
		664395C521B9CF51004F8A62 /* PlayingCardUITests.swift */ = {isa = PBXFileReference; lastKnownFileType = sourcecode.swift; path = PlayingCardUITests.swift; sourceTree = "<group>"; };
		664395C721B9CF51004F8A62 /* Info.plist */ = {isa = PBXFileReference; lastKnownFileType = text.plist.xml; path = Info.plist; sourceTree = "<group>"; };
		664395D321B9E3CE004F8A62 /* Playing Card.swift */ = {isa = PBXFileReference; lastKnownFileType = sourcecode.swift; path = "Playing Card.swift"; sourceTree = "<group>"; };
		664395D521B9E94B004F8A62 /* PlayingCardDeck.swift */ = {isa = PBXFileReference; lastKnownFileType = sourcecode.swift; path = PlayingCardDeck.swift; sourceTree = "<group>"; };
		664395D721CAB58E004F8A62 /* PlayingCardView.swift */ = {isa = PBXFileReference; lastKnownFileType = sourcecode.swift; path = PlayingCardView.swift; sourceTree = "<group>"; };
/* End PBXFileReference section */

/* Begin PBXFrameworksBuildPhase section */
		6643959F21B9CF50004F8A62 /* Frameworks */ = {
			isa = PBXFrameworksBuildPhase;
			buildActionMask = 2147483647;
			files = (
			);
			runOnlyForDeploymentPostprocessing = 0;
		};
		664395B321B9CF51004F8A62 /* Frameworks */ = {
			isa = PBXFrameworksBuildPhase;
			buildActionMask = 2147483647;
			files = (
			);
			runOnlyForDeploymentPostprocessing = 0;
		};
		664395BE21B9CF51004F8A62 /* Frameworks */ = {
			isa = PBXFrameworksBuildPhase;
			buildActionMask = 2147483647;
			files = (
			);
			runOnlyForDeploymentPostprocessing = 0;
		};
/* End PBXFrameworksBuildPhase section */

/* Begin PBXGroup section */
		6643959921B9CF50004F8A62 = {
			isa = PBXGroup;
			children = (
				664395A421B9CF50004F8A62 /* PlayingCard */,
				664395B921B9CF51004F8A62 /* PlayingCardTests */,
				664395C421B9CF51004F8A62 /* PlayingCardUITests */,
				664395A321B9CF50004F8A62 /* Products */,
			);
			sourceTree = "<group>";
		};
		664395A321B9CF50004F8A62 /* Products */ = {
			isa = PBXGroup;
			children = (
				664395A221B9CF50004F8A62 /* PlayingCard.app */,
				664395B621B9CF51004F8A62 /* PlayingCardTests.xctest */,
				664395C121B9CF51004F8A62 /* PlayingCardUITests.xctest */,
			);
			name = Products;
			sourceTree = "<group>";
		};
		664395A421B9CF50004F8A62 /* PlayingCard */ = {
			isa = PBXGroup;
			children = (
				664395A521B9CF50004F8A62 /* AppDelegate.swift */,
				664395A721B9CF50004F8A62 /* ViewController.swift */,
				664395A921B9CF50004F8A62 /* Main.storyboard */,
				664395D321B9E3CE004F8A62 /* Playing Card.swift */,
				664395D721CAB58E004F8A62 /* PlayingCardView.swift */,
				664395D521B9E94B004F8A62 /* PlayingCardDeck.swift */,
				664395AC21B9CF51004F8A62 /* Assets.xcassets */,
				664395AE21B9CF51004F8A62 /* LaunchScreen.storyboard */,
				664395B121B9CF51004F8A62 /* Info.plist */,
			);
			path = PlayingCard;
			sourceTree = "<group>";
		};
		664395B921B9CF51004F8A62 /* PlayingCardTests */ = {
			isa = PBXGroup;
			children = (
				664395BA21B9CF51004F8A62 /* PlayingCardTests.swift */,
				664395BC21B9CF51004F8A62 /* Info.plist */,
			);
			path = PlayingCardTests;
			sourceTree = "<group>";
		};
		664395C421B9CF51004F8A62 /* PlayingCardUITests */ = {
			isa = PBXGroup;
			children = (
				664395C521B9CF51004F8A62 /* PlayingCardUITests.swift */,
				664395C721B9CF51004F8A62 /* Info.plist */,
			);
			path = PlayingCardUITests;
			sourceTree = "<group>";
		};
/* End PBXGroup section */

/* Begin PBXNativeTarget section */
		664395A121B9CF50004F8A62 /* PlayingCard */ = {
			isa = PBXNativeTarget;
			buildConfigurationList = 664395CA21B9CF51004F8A62 /* Build configuration list for PBXNativeTarget "PlayingCard" */;
			buildPhases = (
				6643959E21B9CF50004F8A62 /* Sources */,
				6643959F21B9CF50004F8A62 /* Frameworks */,
				664395A021B9CF50004F8A62 /* Resources */,
			);
			buildRules = (
			);
			dependencies = (
			);
			name = PlayingCard;
			productName = PlayingCard;
			productReference = 664395A221B9CF50004F8A62 /* PlayingCard.app */;
			productType = "com.apple.product-type.application";
		};
		664395B521B9CF51004F8A62 /* PlayingCardTests */ = {
			isa = PBXNativeTarget;
			buildConfigurationList = 664395CD21B9CF51004F8A62 /* Build configuration list for PBXNativeTarget "PlayingCardTests" */;
			buildPhases = (
				664395B221B9CF51004F8A62 /* Sources */,
				664395B321B9CF51004F8A62 /* Frameworks */,
				664395B421B9CF51004F8A62 /* Resources */,
			);
			buildRules = (
			);
			dependencies = (
				664395B821B9CF51004F8A62 /* PBXTargetDependency */,
			);
			name = PlayingCardTests;
			productName = PlayingCardTests;
			productReference = 664395B621B9CF51004F8A62 /* PlayingCardTests.xctest */;
			productType = "com.apple.product-type.bundle.unit-test";
		};
		664395C021B9CF51004F8A62 /* PlayingCardUITests */ = {
			isa = PBXNativeTarget;
			buildConfigurationList = 664395D021B9CF51004F8A62 /* Build configuration list for PBXNativeTarget "PlayingCardUITests" */;
			buildPhases = (
				664395BD21B9CF51004F8A62 /* Sources */,
				664395BE21B9CF51004F8A62 /* Frameworks */,
				664395BF21B9CF51004F8A62 /* Resources */,
			);
			buildRules = (
			);
			dependencies = (
				664395C321B9CF51004F8A62 /* PBXTargetDependency */,
			);
			name = PlayingCardUITests;
			productName = PlayingCardUITests;
			productReference = 664395C121B9CF51004F8A62 /* PlayingCardUITests.xctest */;
			productType = "com.apple.product-type.bundle.ui-testing";
		};
/* End PBXNativeTarget section */

/* Begin PBXProject section */
		6643959A21B9CF50004F8A62 /* Project object */ = {
			isa = PBXProject;
			attributes = {
				LastSwiftUpdateCheck = 0940;
				LastUpgradeCheck = 0940;
				ORGANIZATIONNAME = "Samantha Cortopassi";
				TargetAttributes = {
					664395A121B9CF50004F8A62 = {
						CreatedOnToolsVersion = 9.4.1;
					};
					664395B521B9CF51004F8A62 = {
						CreatedOnToolsVersion = 9.4.1;
						TestTargetID = 664395A121B9CF50004F8A62;
					};
					664395C021B9CF51004F8A62 = {
						CreatedOnToolsVersion = 9.4.1;
						TestTargetID = 664395A121B9CF50004F8A62;
					};
				};
			};
			buildConfigurationList = 6643959D21B9CF50004F8A62 /* Build configuration list for PBXProject "PlayingCard" */;
			compatibilityVersion = "Xcode 9.3";
			developmentRegion = en;
			hasScannedForEncodings = 0;
			knownRegions = (
				en,
				Base,
			);
			mainGroup = 6643959921B9CF50004F8A62;
			productRefGroup = 664395A321B9CF50004F8A62 /* Products */;
			projectDirPath = "";
			projectRoot = "";
			targets = (
				664395A121B9CF50004F8A62 /* PlayingCard */,
				664395B521B9CF51004F8A62 /* PlayingCardTests */,
				664395C021B9CF51004F8A62 /* PlayingCardUITests */,
			);
		};
/* End PBXProject section */

/* Begin PBXResourcesBuildPhase section */
		664395A021B9CF50004F8A62 /* Resources */ = {
			isa = PBXResourcesBuildPhase;
			buildActionMask = 2147483647;
			files = (
				664395B021B9CF51004F8A62 /* LaunchScreen.storyboard in Resources */,
				664395AD21B9CF51004F8A62 /* Assets.xcassets in Resources */,
				664395AB21B9CF50004F8A62 /* Main.storyboard in Resources */,
			);
			runOnlyForDeploymentPostprocessing = 0;
		};
		664395B421B9CF51004F8A62 /* Resources */ = {
			isa = PBXResourcesBuildPhase;
			buildActionMask = 2147483647;
			files = (
			);
			runOnlyForDeploymentPostprocessing = 0;
		};
		664395BF21B9CF51004F8A62 /* Resources */ = {
			isa = PBXResourcesBuildPhase;
			buildActionMask = 2147483647;
			files = (
			);
			runOnlyForDeploymentPostprocessing = 0;
		};
/* End PBXResourcesBuildPhase section */

/* Begin PBXSourcesBuildPhase section */
		6643959E21B9CF50004F8A62 /* Sources */ = {
			isa = PBXSourcesBuildPhase;
			buildActionMask = 2147483647;
			files = (
				664395A821B9CF50004F8A62 /* ViewController.swift in Sources */,
				664395D621B9E94B004F8A62 /* PlayingCardDeck.swift in Sources */,
				664395D421B9E3CE004F8A62 /* Playing Card.swift in Sources */,
				664395D821CAB58E004F8A62 /* PlayingCardView.swift in Sources */,
				664395A621B9CF50004F8A62 /* AppDelegate.swift in Sources */,
			);
			runOnlyForDeploymentPostprocessing = 0;
		};
		664395B221B9CF51004F8A62 /* Sources */ = {
			isa = PBXSourcesBuildPhase;
			buildActionMask = 2147483647;
			files = (
				664395BB21B9CF51004F8A62 /* PlayingCardTests.swift in Sources */,
			);
			runOnlyForDeploymentPostprocessing = 0;
		};
		664395BD21B9CF51004F8A62 /* Sources */ = {
			isa = PBXSourcesBuildPhase;
			buildActionMask = 2147483647;
			files = (
				664395C621B9CF51004F8A62 /* PlayingCardUITests.swift in Sources */,
			);
			runOnlyForDeploymentPostprocessing = 0;
		};
/* End PBXSourcesBuildPhase section */

/* Begin PBXTargetDependency section */
		664395B821B9CF51004F8A62 /* PBXTargetDependency */ = {
			isa = PBXTargetDependency;
			target = 664395A121B9CF50004F8A62 /* PlayingCard */;
			targetProxy = 664395B721B9CF51004F8A62 /* PBXContainerItemProxy */;
		};
		664395C321B9CF51004F8A62 /* PBXTargetDependency */ = {
			isa = PBXTargetDependency;
			target = 664395A121B9CF50004F8A62 /* PlayingCard */;
			targetProxy = 664395C221B9CF51004F8A62 /* PBXContainerItemProxy */;
		};
/* End PBXTargetDependency section */

/* Begin PBXVariantGroup section */
		664395A921B9CF50004F8A62 /* Main.storyboard */ = {
			isa = PBXVariantGroup;
			children = (
				664395AA21B9CF50004F8A62 /* Base */,
			);
			name = Main.storyboard;
			sourceTree = "<group>";
		};
		664395AE21B9CF51004F8A62 /* LaunchScreen.storyboard */ = {
			isa = PBXVariantGroup;
			children = (
				664395AF21B9CF51004F8A62 /* Base */,
			);
			name = LaunchScreen.storyboard;
			sourceTree = "<group>";
		};
/* End PBXVariantGroup section */

/* Begin XCBuildConfiguration section */
		664395C821B9CF51004F8A62 /* Debug */ = {
			isa = XCBuildConfiguration;
			buildSettings = {
				ALWAYS_SEARCH_USER_PATHS = NO;
				CLANG_ANALYZER_NONNULL = YES;
				CLANG_ANALYZER_NUMBER_OBJECT_CONVERSION = YES_AGGRESSIVE;
				CLANG_CXX_LANGUAGE_STANDARD = "gnu++14";
				CLANG_CXX_LIBRARY = "libc++";
				CLANG_ENABLE_MODULES = YES;
				CLANG_ENABLE_OBJC_ARC = YES;
				CLANG_ENABLE_OBJC_WEAK = YES;
				CLANG_WARN_BLOCK_CAPTURE_AUTORELEASING = YES;
				CLANG_WARN_BOOL_CONVERSION = YES;
				CLANG_WARN_COMMA = YES;
				CLANG_WARN_CONSTANT_CONVERSION = YES;
				CLANG_WARN_DEPRECATED_OBJC_IMPLEMENTATIONS = YES;
				CLANG_WARN_DIRECT_OBJC_ISA_USAGE = YES_ERROR;
				CLANG_WARN_DOCUMENTATION_COMMENTS = YES;
				CLANG_WARN_EMPTY_BODY = YES;
				CLANG_WARN_ENUM_CONVERSION = YES;
				CLANG_WARN_INFINITE_RECURSION = YES;
				CLANG_WARN_INT_CONVERSION = YES;
				CLANG_WARN_NON_LITERAL_NULL_CONVERSION = YES;
				CLANG_WARN_OBJC_IMPLICIT_RETAIN_SELF = YES;
				CLANG_WARN_OBJC_LITERAL_CONVERSION = YES;
				CLANG_WARN_OBJC_ROOT_CLASS = YES_ERROR;
				CLANG_WARN_RANGE_LOOP_ANALYSIS = YES;
				CLANG_WARN_STRICT_PROTOTYPES = YES;
				CLANG_WARN_SUSPICIOUS_MOVE = YES;
				CLANG_WARN_UNGUARDED_AVAILABILITY = YES_AGGRESSIVE;
				CLANG_WARN_UNREACHABLE_CODE = YES;
				CLANG_WARN__DUPLICATE_METHOD_MATCH = YES;
				CODE_SIGN_IDENTITY = "iPhone Developer";
				COPY_PHASE_STRIP = NO;
				DEBUG_INFORMATION_FORMAT = dwarf;
				ENABLE_STRICT_OBJC_MSGSEND = YES;
				ENABLE_TESTABILITY = YES;
				GCC_C_LANGUAGE_STANDARD = gnu11;
				GCC_DYNAMIC_NO_PIC = NO;
				GCC_NO_COMMON_BLOCKS = YES;
				GCC_OPTIMIZATION_LEVEL = 0;
				GCC_PREPROCESSOR_DEFINITIONS = (
					"DEBUG=1",
					"$(inherited)",
				);
				GCC_WARN_64_TO_32_BIT_CONVERSION = YES;
				GCC_WARN_ABOUT_RETURN_TYPE = YES_ERROR;
				GCC_WARN_UNDECLARED_SELECTOR = YES;
				GCC_WARN_UNINITIALIZED_AUTOS = YES_AGGRESSIVE;
				GCC_WARN_UNUSED_FUNCTION = YES;
				GCC_WARN_UNUSED_VARIABLE = YES;
				IPHONEOS_DEPLOYMENT_TARGET = 11.4;
				MTL_ENABLE_DEBUG_INFO = YES;
				ONLY_ACTIVE_ARCH = YES;
				SDKROOT = iphoneos;
				SWIFT_ACTIVE_COMPILATION_CONDITIONS = DEBUG;
				SWIFT_OPTIMIZATION_LEVEL = "-Onone";
			};
			name = Debug;
		};
		664395C921B9CF51004F8A62 /* Release */ = {
			isa = XCBuildConfiguration;
			buildSettings = {
				ALWAYS_SEARCH_USER_PATHS = NO;
				CLANG_ANALYZER_NONNULL = YES;
				CLANG_ANALYZER_NUMBER_OBJECT_CONVERSION = YES_AGGRESSIVE;
				CLANG_CXX_LANGUAGE_STANDARD = "gnu++14";
				CLANG_CXX_LIBRARY = "libc++";
				CLANG_ENABLE_MODULES = YES;
				CLANG_ENABLE_OBJC_ARC = YES;
				CLANG_ENABLE_OBJC_WEAK = YES;
				CLANG_WARN_BLOCK_CAPTURE_AUTORELEASING = YES;
				CLANG_WARN_BOOL_CONVERSION = YES;
				CLANG_WARN_COMMA = YES;
				CLANG_WARN_CONSTANT_CONVERSION = YES;
				CLANG_WARN_DEPRECATED_OBJC_IMPLEMENTATIONS = YES;
				CLANG_WARN_DIRECT_OBJC_ISA_USAGE = YES_ERROR;
				CLANG_WARN_DOCUMENTATION_COMMENTS = YES;
				CLANG_WARN_EMPTY_BODY = YES;
				CLANG_WARN_ENUM_CONVERSION = YES;
				CLANG_WARN_INFINITE_RECURSION = YES;
				CLANG_WARN_INT_CONVERSION = YES;
				CLANG_WARN_NON_LITERAL_NULL_CONVERSION = YES;
				CLANG_WARN_OBJC_IMPLICIT_RETAIN_SELF = YES;
				CLANG_WARN_OBJC_LITERAL_CONVERSION = YES;
				CLANG_WARN_OBJC_ROOT_CLASS = YES_ERROR;
				CLANG_WARN_RANGE_LOOP_ANALYSIS = YES;
				CLANG_WARN_STRICT_PROTOTYPES = YES;
				CLANG_WARN_SUSPICIOUS_MOVE = YES;
				CLANG_WARN_UNGUARDED_AVAILABILITY = YES_AGGRESSIVE;
				CLANG_WARN_UNREACHABLE_CODE = YES;
				CLANG_WARN__DUPLICATE_METHOD_MATCH = YES;
				CODE_SIGN_IDENTITY = "iPhone Developer";
				COPY_PHASE_STRIP = NO;
				DEBUG_INFORMATION_FORMAT = "dwarf-with-dsym";
				ENABLE_NS_ASSERTIONS = NO;
				ENABLE_STRICT_OBJC_MSGSEND = YES;
				GCC_C_LANGUAGE_STANDARD = gnu11;
				GCC_NO_COMMON_BLOCKS = YES;
				GCC_WARN_64_TO_32_BIT_CONVERSION = YES;
				GCC_WARN_ABOUT_RETURN_TYPE = YES_ERROR;
				GCC_WARN_UNDECLARED_SELECTOR = YES;
				GCC_WARN_UNINITIALIZED_AUTOS = YES_AGGRESSIVE;
				GCC_WARN_UNUSED_FUNCTION = YES;
				GCC_WARN_UNUSED_VARIABLE = YES;
				IPHONEOS_DEPLOYMENT_TARGET = 11.4;
				MTL_ENABLE_DEBUG_INFO = NO;
				SDKROOT = iphoneos;
				SWIFT_COMPILATION_MODE = wholemodule;
				SWIFT_OPTIMIZATION_LEVEL = "-O";
				VALIDATE_PRODUCT = YES;
			};
			name = Release;
		};
		664395CB21B9CF51004F8A62 /* Debug */ = {
			isa = XCBuildConfiguration;
			buildSettings = {
				ASSETCATALOG_COMPILER_APPICON_NAME = AppIcon;
				CODE_SIGN_STYLE = Automatic;
				INFOPLIST_FILE = PlayingCard/Info.plist;
				LD_RUNPATH_SEARCH_PATHS = (
					"$(inherited)",
					"@executable_path/Frameworks",
				);
				PRODUCT_BUNDLE_IDENTIFIER = com.Samantha.PlayingCard;
				PRODUCT_NAME = "$(TARGET_NAME)";
				SWIFT_VERSION = 4.0;
				TARGETED_DEVICE_FAMILY = "1,2";
			};
			name = Debug;
		};
		664395CC21B9CF51004F8A62 /* Release */ = {
			isa = XCBuildConfiguration;
			buildSettings = {
				ASSETCATALOG_COMPILER_APPICON_NAME = AppIcon;
				CODE_SIGN_STYLE = Automatic;
				INFOPLIST_FILE = PlayingCard/Info.plist;
				LD_RUNPATH_SEARCH_PATHS = (
					"$(inherited)",
					"@executable_path/Frameworks",
				);
				PRODUCT_BUNDLE_IDENTIFIER = com.Samantha.PlayingCard;
				PRODUCT_NAME = "$(TARGET_NAME)";
				SWIFT_VERSION = 4.0;
				TARGETED_DEVICE_FAMILY = "1,2";
			};
			name = Release;
		};
		664395CE21B9CF51004F8A62 /* Debug */ = {
			isa = XCBuildConfiguration;
			buildSettings = {
				ALWAYS_EMBED_SWIFT_STANDARD_LIBRARIES = YES;
				BUNDLE_LOADER = "$(TEST_HOST)";
				CODE_SIGN_STYLE = Automatic;
				INFOPLIST_FILE = PlayingCardTests/Info.plist;
				LD_RUNPATH_SEARCH_PATHS = (
					"$(inherited)",
					"@executable_path/Frameworks",
					"@loader_path/Frameworks",
				);
				PRODUCT_BUNDLE_IDENTIFIER = com.Samantha.PlayingCardTests;
				PRODUCT_NAME = "$(TARGET_NAME)";
				SWIFT_VERSION = 4.0;
				TARGETED_DEVICE_FAMILY = "1,2";
				TEST_HOST = "$(BUILT_PRODUCTS_DIR)/PlayingCard.app/PlayingCard";
			};
			name = Debug;
		};
		664395CF21B9CF51004F8A62 /* Release */ = {
			isa = XCBuildConfiguration;
			buildSettings = {
				ALWAYS_EMBED_SWIFT_STANDARD_LIBRARIES = YES;
				BUNDLE_LOADER = "$(TEST_HOST)";
				CODE_SIGN_STYLE = Automatic;
				INFOPLIST_FILE = PlayingCardTests/Info.plist;
				LD_RUNPATH_SEARCH_PATHS = (
					"$(inherited)",
					"@executable_path/Frameworks",
					"@loader_path/Frameworks",
				);
				PRODUCT_BUNDLE_IDENTIFIER = com.Samantha.PlayingCardTests;
				PRODUCT_NAME = "$(TARGET_NAME)";
				SWIFT_VERSION = 4.0;
				TARGETED_DEVICE_FAMILY = "1,2";
				TEST_HOST = "$(BUILT_PRODUCTS_DIR)/PlayingCard.app/PlayingCard";
			};
			name = Release;
		};
		664395D121B9CF51004F8A62 /* Debug */ = {
			isa = XCBuildConfiguration;
			buildSettings = {
				ALWAYS_EMBED_SWIFT_STANDARD_LIBRARIES = YES;
				CODE_SIGN_STYLE = Automatic;
				INFOPLIST_FILE = PlayingCardUITests/Info.plist;
				LD_RUNPATH_SEARCH_PATHS = (
					"$(inherited)",
					"@executable_path/Frameworks",
					"@loader_path/Frameworks",
				);
				PRODUCT_BUNDLE_IDENTIFIER = com.Samantha.PlayingCardUITests;
				PRODUCT_NAME = "$(TARGET_NAME)";
				SWIFT_VERSION = 4.0;
				TARGETED_DEVICE_FAMILY = "1,2";
				TEST_TARGET_NAME = PlayingCard;
			};
			name = Debug;
		};
		664395D221B9CF51004F8A62 /* Release */ = {
			isa = XCBuildConfiguration;
			buildSettings = {
				ALWAYS_EMBED_SWIFT_STANDARD_LIBRARIES = YES;
				CODE_SIGN_STYLE = Automatic;
				INFOPLIST_FILE = PlayingCardUITests/Info.plist;
				LD_RUNPATH_SEARCH_PATHS = (
					"$(inherited)",
					"@executable_path/Frameworks",
					"@loader_path/Frameworks",
				);
				PRODUCT_BUNDLE_IDENTIFIER = com.Samantha.PlayingCardUITests;
				PRODUCT_NAME = "$(TARGET_NAME)";
				SWIFT_VERSION = 4.0;
				TARGETED_DEVICE_FAMILY = "1,2";
				TEST_TARGET_NAME = PlayingCard;
			};
			name = Release;
		};
/* End XCBuildConfiguration section */

/* Begin XCConfigurationList section */
		6643959D21B9CF50004F8A62 /* Build configuration list for PBXProject "PlayingCard" */ = {
			isa = XCConfigurationList;
			buildConfigurations = (
				664395C821B9CF51004F8A62 /* Debug */,
				664395C921B9CF51004F8A62 /* Release */,
			);
			defaultConfigurationIsVisible = 0;
			defaultConfigurationName = Release;
		};
		664395CA21B9CF51004F8A62 /* Build configuration list for PBXNativeTarget "PlayingCard" */ = {
			isa = XCConfigurationList;
			buildConfigurations = (
				664395CB21B9CF51004F8A62 /* Debug */,
				664395CC21B9CF51004F8A62 /* Release */,
			);
			defaultConfigurationIsVisible = 0;
			defaultConfigurationName = Release;
		};
		664395CD21B9CF51004F8A62 /* Build configuration list for PBXNativeTarget "PlayingCardTests" */ = {
			isa = XCConfigurationList;
			buildConfigurations = (
				664395CE21B9CF51004F8A62 /* Debug */,
				664395CF21B9CF51004F8A62 /* Release */,
			);
			defaultConfigurationIsVisible = 0;
			defaultConfigurationName = Release;
		};
		664395D021B9CF51004F8A62 /* Build configuration list for PBXNativeTarget "PlayingCardUITests" */ = {
			isa = XCConfigurationList;
			buildConfigurations = (
				664395D121B9CF51004F8A62 /* Debug */,
				664395D221B9CF51004F8A62 /* Release */,
			);
			defaultConfigurationIsVisible = 0;
			defaultConfigurationName = Release;
		};
/* End XCConfigurationList section */
	};
	rootObject = 6643959A21B9CF50004F8A62 /* Project object */;
}
